
Microsoft Visual Studio Solution File, Format Version 12.00
# Visual Studio Version 17
VisualStudioVersion = 17.8.34330.188
MinimumVisualStudioVersion = 10.0.40219.1
Project("{8BC9CEB8-8B4A-11D0-8D11-00A0C91BC942}") = "PGProyect", "PGProyect\PGProyect.vcxproj", "{6FDF691B-9BFB-4299-BB24-4A8A22BD34E7}"
EndProject
Global
	GlobalSection(SolutionConfigurationPlatforms) = preSolution
		Debug|x64 = Debug|x64
		Debug|x86 = Debug|x86
		Release|x64 = Release|x64
		Release|x86 = Release|x86
	EndGlobalSection
	GlobalSection(ProjectConfigurationPlatforms) = postSolution
		{6FDF691B-9BFB-4299-BB24-4A8A22BD34E7}.Debug|x64.ActiveCfg = Debug|x64
		{6FDF691B-9BFB-4299-BB24-4A8A22BD34E7}.Debug|x64.Build.0 = Debug|x64
		{6FDF691B-9BFB-4299-BB24-4A8A22BD34E7}.Debug|x86.ActiveCfg = Debug|Win32
		{6FDF691B-9BFB-4299-BB24-4A8A22BD34E7}.Debug|x86.Build.0 = Debug|Win32
		{6FDF691B-9BFB-4299-BB24-4A8A22BD34E7}.Release|x64.ActiveCfg = Release|x64
		{6FDF691B-9BFB-4299-BB24-4A8A22BD34E7}.Release|x64.Build.0 = Release|x64
		{6FDF691B-9BFB-4299-BB24-4A8A22BD34E7}.Release|x86.ActiveCfg = Release|Win32
		{6FDF691B-9BFB-4299-BB24-4A8A22BD34E7}.Release|x86.Build.0 = Release|Win32
	EndGlobalSection
	GlobalSection(SolutionProperties) = preSolution
		HideSolutionNode = FALSE
	EndGlobalSection
	GlobalSection(ExtensibilityGlobals) = postSolution
		SolutionGuid = {6BEE3A61-45B0-4C62-AC99-A01FF1D070BB}
	EndGlobalSection
EndGlobal
