<?xml version="1.0" encoding="utf-8"?>
<Project ToolsVersion="4.0" xmlns="http://schemas.microsoft.com/developer/msbuild/2003">
  <ItemGroup>
    <Filter Include="Archivos de origen">
      <UniqueIdentifier>{4FC737F1-C7A5-4376-A066-2A32D752A2FF}</UniqueIdentifier>
      <Extensions>cpp;c;cc;cxx;c++;cppm;ixx;def;odl;idl;hpj;bat;asm;asmx</Extensions>
    </Filter>
    <Filter Include="Archivos de encabezado">
      <UniqueIdentifier>{93995380-89BD-4b04-88EB-625FBE52EBFB}</UniqueIdentifier>
      <Extensions>h;hh;hpp;hxx;h++;hm;inl;inc;ipp;xsd</Extensions>
    </Filter>
    <Filter Include="Archivos de recursos">
      <UniqueIdentifier>{67DA6AB6-F800-4c08-8B7A-83BB121AAD01}</UniqueIdentifier>
      <Extensions>rc;ico;cur;bmp;dlg;rc2;rct;bin;rgs;gif;jpg;jpeg;jpe;resx;tiff;tif;png;wav;mfcribbon-ms</Extensions>
    </Filter>
    <Filter Include="Archivos de recursos\Textures">
      <UniqueIdentifier>{84aabfbd-a3e1-4764-a844-bb5a8e8d77d0}</UniqueIdentifier>
    </Filter>
    <Filter Include="Archivos de recursos\Shaders">
      <UniqueIdentifier>{0518480d-0142-4de4-8cbe-35c59b979415}</UniqueIdentifier>
    </Filter>
    <Filter Include="Archivos de recursos\models">
      <UniqueIdentifier>{56d9abb2-9d58-4581-8d77-c992f617ffee}</UniqueIdentifier>
    </Filter>
  </ItemGroup>
  <ItemGroup>
    <ClCompile Include="Main.cpp">
      <Filter>Archivos de origen</Filter>
    </ClCompile>
  </ItemGroup>
  <ItemGroup>
    <ClInclude Include="Camera.h">
      <Filter>Archivos de encabezado</Filter>
    </ClInclude>
    <ClInclude Include="Mesh.h">
      <Filter>Archivos de encabezado</Filter>
    </ClInclude>
    <ClInclude Include="Shader.h">
      <Filter>Archivos de encabezado</Filter>
    </ClInclude>
  </ItemGroup>
  <ItemGroup>
    <None Include="default.frag">
      <Filter>Archivos de recursos\Shaders</Filter>
    </None>
    <None Include="default.vert">
      <Filter>Archivos de recursos\Shaders</Filter>
    </None>
    <None Include="light.frag">
      <Filter>Archivos de recursos\Shaders</Filter>
    </None>
    <None Include="light.vert">
      <Filter>Archivos de recursos\Shaders</Filter>
    </None>
    <None Include="res\shaders\lamp.frag">
      <Filter>Archivos de recursos\Shaders</Filter>
    </None>
    <None Include="res\shaders\lamp.vs">
      <Filter>Archivos de recursos\Shaders</Filter>
    </None>
    <None Include="res\shaders\lighting.frag">
      <Filter>Archivos de recursos\Shaders</Filter>
    </None>
    <None Include="res\shaders\lighting.vs">
      <Filter>Archivos de recursos\Shaders</Filter>
    </None>
    <None Include="res\shaders\modelLoading.frag">
      <Filter>Archivos de recursos\Shaders</Filter>
    </None>
    <None Include="res\shaders\modelLoading.vs">
      <Filter>Archivos de recursos\Shaders</Filter>
    </None>
  </ItemGroup>
  <ItemGroup>
    <Image Include="Corazon.jpg">
      <Filter>Archivos de recursos\Textures</Filter>
    </Image>
    <Image Include="corazon.png">
      <Filter>Archivos de recursos\Textures</Filter>
    </Image>
    <Image Include="kirby.png">
      <Filter>Archivos de recursos\Textures</Filter>
    </Image>
  </ItemGroup>
  <ItemGroup>
    <Object Include="res\models\nanosuit.obj">
      <Filter>Archivos de recursos\models</Filter>
    </Object>
    <Object Include="res\map\map.obj">
      <Filter>Archivos de recursos\models</Filter>
    </Object>
  </ItemGroup>
</Project>